
Microsoft Visual Studio Solution File, Format Version 12.00
# Visual Studio 15
VisualStudioVersion = 15.0.27703.2042
MinimumVisualStudioVersion = 10.0.40219.1
Project("{FAE04EC0-301F-11D3-BF4B-00C04F79EFBC}") = "LrMetadataBuilder", "LrMetadataBuilder\LrMetadataBuilder.csproj", "{958E85FD-7DC0-4DC2-BD14-3A879EF6F1FB}"
EndProject
Project("{9A19103F-16F7-4668-BE54-9A1E7A4F7556}") = "lrMetadataBuilderTest", "LrMetadataBuilderTest\lrMetadataBuilderTest.csproj", "{384B5A5A-4538-4796-8B2F-1694BF7A47CD}"
EndProject
Global
	GlobalSection(SolutionConfigurationPlatforms) = preSolution
		Debug|Any CPU = Debug|Any CPU
		Release|Any CPU = Release|Any CPU
	EndGlobalSection
	GlobalSection(ProjectConfigurationPlatforms) = postSolution
		{958E85FD-7DC0-4DC2-BD14-3A879EF6F1FB}.Debug|Any CPU.ActiveCfg = Debug|Any CPU
		{958E85FD-7DC0-4DC2-BD14-3A879EF6F1FB}.Debug|Any CPU.Build.0 = Debug|Any CPU
		{958E85FD-7DC0-4DC2-BD14-3A879EF6F1FB}.Release|Any CPU.ActiveCfg = Release|Any CPU
		{958E85FD-7DC0-4DC2-BD14-3A879EF6F1FB}.Release|Any CPU.Build.0 = Release|Any CPU
		{384B5A5A-4538-4796-8B2F-1694BF7A47CD}.Debug|Any CPU.ActiveCfg = Debug|Any CPU
		{384B5A5A-4538-4796-8B2F-1694BF7A47CD}.Debug|Any CPU.Build.0 = Debug|Any CPU
		{384B5A5A-4538-4796-8B2F-1694BF7A47CD}.Release|Any CPU.ActiveCfg = Release|Any CPU
		{384B5A5A-4538-4796-8B2F-1694BF7A47CD}.Release|Any CPU.Build.0 = Release|Any CPU
	EndGlobalSection
	GlobalSection(SolutionProperties) = preSolution
		HideSolutionNode = FALSE
	EndGlobalSection
	GlobalSection(ExtensibilityGlobals) = postSolution
		SolutionGuid = {4FD5E900-A789-4A62-9857-DD2B12D36F94}
	EndGlobalSection
EndGlobal
